github.com/joho/godotenv v1.3.0 h1:Zjp+RcGpHhGlrMbJzXTrZZPrWj+1vfm90La1wgB6Bhc=
github.com/joho/godotenv v1.3.0/go.mod h1:7hK45KPybAkOC6peb+G5yklZfMxEjkZhHbwpqxOKXbg=
github.com/libdns/alidns v1.0.2 h1:WiT1cO2LWY95YNocTVBGipHjvRaFQOxMQ9X5bTiryRo=
github.com/libdns/alidns v1.0.2/go.mod h1:e18uAG6GanfRhcJj6/tps2rCMzQJaYVcGKT+ELjdjGE=
github.com/libdns/libdns v0.2.0/go.mod h1:yQCXzk1lEZmmCPa857bnk4TsOiqYasqpyOEeSObbb40=
github.com/libdns/libdns v0.2.1 h1:Wu59T7wSHRgtA0cfxC+n1c/e+O3upJGWytknkmFEDis=
github.com/libdns/libdns v0.2.1/go.mod h1:yQCXzk1lEZmmCPa857bnk4TsOiqYasqpyOEeSObbb40=
